{"schema":"penance/lock/1","compiler":"ghc-9.10.2","indexState":"2026-04-01T00:00:00Z","project":{"root":".","pathBase":"project-root","cabalProject":"cabal.project","packages":["."]},"packages":[{"name":"simple-lib","version":"0.1.0.0","path":".","cabalFile":"simple-lib.cabal","setupType":"Simple","components":[{"name":"lib","kind":"library","sourceDirs":["src"],"modules":["Simple"],"main":null,"signatures":[],"dependencies":["base >=4.18 && <5"],"defaultExtensions":[]}]}],"externalUnits":[{"name":"base","version":"4.20.1.0","source":"ghc-boot"}]}
