{"schema":"penance/strata-lock/1","compiler":"ghc-9.10.2","indexState":"2026-04-01T00:00:00Z","project":{"root":".","pathBase":"project-root","cabalProject":"cabal.project","packages":["."]},"packages":[{"name":"hs-boot-th","version":"0.1.0.0","path":".","cabalFile":"hs-boot-th.cabal","setupType":"Simple","components":[{"name":"exe:hs-boot-th","kind":"executable","sourceDirs":["app"],"modules":["Main.hs"],"main":"Main.hs","signatures":[],"dependencies":["base >=4.18 && <5","hs-boot-th"],"defaultExtensions":[]},{"name":"lib","kind":"library","sourceDirs":["src"],"modules":["Cycle.A","Cycle.B","TH.Dep","TH.Sibling","TH.Splice"],"main":null,"signatures":[],"dependencies":["base >=4.18 && <5","template-haskell"],"defaultExtensions":[]}]}],"externalUnits":[{"name":"base","version":"4.20.1.0","source":"ghc-boot"},{"name":"template-haskell","version":"2.22.0.0","source":"ghc-boot"}]}
