{"schema":"penance/lock/1","compiler":"ghc-9.10.2","indexState":"2026-02-01T00:00:00Z","project":{"root":".","pathBase":"project-root","cabalProject":"cabal.project","packages":["."]},"packages":[{"name":"penance-bench","version":"0.1.0.0","path":".","cabalFile":"penance-bench.cabal","setupType":"Simple","components":[{"name":"bench:penance-bench-benchmark","kind":"benchmark","sourceDirs":["bench"],"modules":["Main.hs"],"main":"Main.hs","signatures":[],"dependencies":["base >=4.18 && <5","penance-bench"],"defaultExtensions":[]},{"name":"exe:penance-bench","kind":"executable","sourceDirs":["app"],"modules":["Main.hs"],"main":"Main.hs","signatures":[],"dependencies":["base >=4.18 && <5","penance-bench"],"defaultExtensions":[]},{"name":"lib","kind":"library","sourceDirs":["src"],"modules":["Bench.Api","Bench.App","Bench.Config","Bench.Generated","Bench.Model","Bench.Render","Bench.Route","Bench.Store","Bench.TH","Bench.Text"],"main":null,"signatures":[],"dependencies":["base >=4.18 && <5","containers","template-haskell"],"defaultExtensions":[]},{"name":"test:penance-bench-test","kind":"test-suite","sourceDirs":["test"],"modules":["Main.hs"],"main":"Main.hs","signatures":[],"dependencies":["base >=4.18 && <5","penance-bench"],"defaultExtensions":[]}]}],"externalUnits":[{"name":"base","version":"4.20.1.0","source":"ghc-boot"},{"name":"containers","version":"0.7","source":"ghc-boot"},{"name":"template-haskell","version":"2.22.0.0","source":"ghc-boot"}]}
