{"schema":"penance/strata-lock/0","compiler":"ghc-9.10.2","indexState":"2026-02-01T00:00:00Z","project":{"root":".","pathBase":"project-root","cabalProject":"cabal.project","packages":["."]},"packages":[{"name":"penance-bench","version":"0.1.0.0","path":".","cabalFile":"penance-bench.cabal","setupType":"Simple","components":[{"name":"exe:penance-bench","kind":"executable","sourceDirs":["app"],"modules":["Main.hs"],"signatures":[],"dependencies":["base >=4.18 && <5","penance-bench"],"defaultExtensions":[]},{"name":"lib","kind":"library","sourceDirs":["src"],"modules":["Bench.Api","Bench.App","Bench.Config","Bench.Generated","Bench.Model","Bench.Render","Bench.Route","Bench.Store","Bench.TH","Bench.Text"],"signatures":[],"dependencies":["base >=4.18 && <5","containers","template-haskell"],"defaultExtensions":[]}]}]}
